
Microsoft Visual Studio Solution File, Format Version 12.00
# Visual Studio Version 18
VisualStudioVersion = 18.2.11415.280
MinimumVisualStudioVersion = 10.0.40219.1
Project("{8BC9CEB8-8B4A-11D0-8D11-00A0C91BC942}") = "ogg", "ogg.vcxproj", "{A09FBD07-606E-41CD-B055-88B68D6E8809}"
EndProject
Project("{8BC9CEB8-8B4A-11D0-8D11-00A0C91BC942}") = "KpiHost64", "KpiHost64\KpiHost64.vcxproj", "{8B16900E-38CD-4B12-9B7C-6418C5AAAF27}"
EndProject
Global
	GlobalSection(SolutionConfigurationPlatforms) = preSolution
		64(未使用)|ARM = 64(未使用)|ARM
		64(未使用)|x64(KpiHost64のみ) = 64(未使用)|x64(KpiHost64のみ)
		64(未使用)|x86(oggのみ) = 64(未使用)|x86(oggのみ)
		Debug(未使用)|ARM = Debug(未使用)|ARM
		Debug(未使用)|x64(KpiHost64のみ) = Debug(未使用)|x64(KpiHost64のみ)
		Debug(未使用)|x86(oggのみ) = Debug(未使用)|x86(oggのみ)
		nsse(未使用)|ARM = nsse(未使用)|ARM
		nsse(未使用)|x64(KpiHost64のみ) = nsse(未使用)|x64(KpiHost64のみ)
		nsse(未使用)|x86(oggのみ) = nsse(未使用)|x86(oggのみ)
		Release(未使用)|ARM = Release(未使用)|ARM
		Release(未使用)|x64(KpiHost64のみ) = Release(未使用)|x64(KpiHost64のみ)
		Release(未使用)|x86(oggのみ) = Release(未使用)|x86(oggのみ)
		sse2(未使用)|ARM = sse2(未使用)|ARM
		sse2(未使用)|x64(KpiHost64のみ) = sse2(未使用)|x64(KpiHost64のみ)
		sse2(未使用)|x86(oggのみ) = sse2(未使用)|x86(oggのみ)
		uni(未使用)|ARM = uni(未使用)|ARM
		uni(未使用)|x64(KpiHost64のみ) = uni(未使用)|x64(KpiHost64のみ)
		uni(未使用)|x86(oggのみ) = uni(未使用)|x86(oggのみ)
		uni_2026_de|ARM = uni_2026_de|ARM
		uni_2026_de|x64(KpiHost64のみ) = uni_2026_de|x64(KpiHost64のみ)
		uni_2026_de|x86(oggのみ) = uni_2026_de|x86(oggのみ)
		uni_avx(未使用)|ARM = uni_avx(未使用)|ARM
		uni_avx(未使用)|x64(KpiHost64のみ) = uni_avx(未使用)|x64(KpiHost64のみ)
		uni_avx(未使用)|x86(oggのみ) = uni_avx(未使用)|x86(oggのみ)
		uni_avx2(未使用)|ARM = uni_avx2(未使用)|ARM
		uni_avx2(未使用)|x64(KpiHost64のみ) = uni_avx2(未使用)|x64(KpiHost64のみ)
		uni_avx2(未使用)|x86(oggのみ) = uni_avx2(未使用)|x86(oggのみ)
		uni_avx2_vs2026|ARM = uni_avx2_vs2026|ARM
		uni_avx2_vs2026|x64(KpiHost64のみ) = uni_avx2_vs2026|x64(KpiHost64のみ)
		uni_avx2_vs2026|x86(oggのみ) = uni_avx2_vs2026|x86(oggのみ)
		uni_de(未使用)|ARM = uni_de(未使用)|ARM
		uni_de(未使用)|x64(KpiHost64のみ) = uni_de(未使用)|x64(KpiHost64のみ)
		uni_de(未使用)|x86(oggのみ) = uni_de(未使用)|x86(oggのみ)
		uni_sse2(未使用)|ARM = uni_sse2(未使用)|ARM
		uni_sse2(未使用)|x64(KpiHost64のみ) = uni_sse2(未使用)|x64(KpiHost64のみ)
		uni_sse2(未使用)|x86(oggのみ) = uni_sse2(未使用)|x86(oggのみ)
	EndGlobalSection
	GlobalSection(ProjectConfigurationPlatforms) = postSolution
		{A09FBD07-606E-41CD-B055-88B68D6E8809}.64(未使用)|ARM.ActiveCfg = Template|ARM
		{A09FBD07-606E-41CD-B055-88B68D6E8809}.64(未使用)|ARM.Build.0 = Template|ARM
		{A09FBD07-606E-41CD-B055-88B68D6E8809}.64(未使用)|x64(KpiHost64のみ).ActiveCfg = 64|x64
		{A09FBD07-606E-41CD-B055-88B68D6E8809}.64(未使用)|x64(KpiHost64のみ).Build.0 = 64|x64
		{A09FBD07-606E-41CD-B055-88B68D6E8809}.64(未使用)|x86(oggのみ).ActiveCfg = 64|Win32
		{A09FBD07-606E-41CD-B055-88B68D6E8809}.64(未使用)|x86(oggのみ).Build.0 = 64|Win32
		{A09FBD07-606E-41CD-B055-88B68D6E8809}.Debug(未使用)|ARM.ActiveCfg = Debug|ARM
		{A09FBD07-606E-41CD-B055-88B68D6E8809}.Debug(未使用)|ARM.Build.0 = Debug|ARM
		{A09FBD07-606E-41CD-B055-88B68D6E8809}.Debug(未使用)|x64(KpiHost64のみ).ActiveCfg = Debug|x64
		{A09FBD07-606E-41CD-B055-88B68D6E8809}.Debug(未使用)|x64(KpiHost64のみ).Build.0 = Debug|x64
		{A09FBD07-606E-41CD-B055-88B68D6E8809}.Debug(未使用)|x86(oggのみ).ActiveCfg = Debug|Win32
		{A09FBD07-606E-41CD-B055-88B68D6E8809}.Debug(未使用)|x86(oggのみ).Build.0 = Debug|Win32
		{A09FBD07-606E-41CD-B055-88B68D6E8809}.nsse(未使用)|ARM.ActiveCfg = nsse|ARM
		{A09FBD07-606E-41CD-B055-88B68D6E8809}.nsse(未使用)|ARM.Build.0 = nsse|ARM
		{A09FBD07-606E-41CD-B055-88B68D6E8809}.nsse(未使用)|x64(KpiHost64のみ).ActiveCfg = nsse|x64
		{A09FBD07-606E-41CD-B055-88B68D6E8809}.nsse(未使用)|x64(KpiHost64のみ).Build.0 = nsse|x64
		{A09FBD07-606E-41CD-B055-88B68D6E8809}.nsse(未使用)|x86(oggのみ).ActiveCfg = nsse|Win32
		{A09FBD07-606E-41CD-B055-88B68D6E8809}.nsse(未使用)|x86(oggのみ).Build.0 = nsse|Win32
		{A09FBD07-606E-41CD-B055-88B68D6E8809}.Release(未使用)|ARM.ActiveCfg = Release|ARM
		{A09FBD07-606E-41CD-B055-88B68D6E8809}.Release(未使用)|ARM.Build.0 = Release|ARM
		{A09FBD07-606E-41CD-B055-88B68D6E8809}.Release(未使用)|x64(KpiHost64のみ).ActiveCfg = Release|x64
		{A09FBD07-606E-41CD-B055-88B68D6E8809}.Release(未使用)|x64(KpiHost64のみ).Build.0 = Release|x64
		{A09FBD07-606E-41CD-B055-88B68D6E8809}.Release(未使用)|x86(oggのみ).ActiveCfg = Release|Win32
		{A09FBD07-606E-41CD-B055-88B68D6E8809}.Release(未使用)|x86(oggのみ).Build.0 = Release|Win32
		{A09FBD07-606E-41CD-B055-88B68D6E8809}.sse2(未使用)|ARM.ActiveCfg = sse2|ARM
		{A09FBD07-606E-41CD-B055-88B68D6E8809}.sse2(未使用)|ARM.Build.0 = sse2|ARM
		{A09FBD07-606E-41CD-B055-88B68D6E8809}.sse2(未使用)|x64(KpiHost64のみ).ActiveCfg = sse2|x64
		{A09FBD07-606E-41CD-B055-88B68D6E8809}.sse2(未使用)|x64(KpiHost64のみ).Build.0 = sse2|x64
		{A09FBD07-606E-41CD-B055-88B68D6E8809}.sse2(未使用)|x86(oggのみ).ActiveCfg = sse2|Win32
		{A09FBD07-606E-41CD-B055-88B68D6E8809}.sse2(未使用)|x86(oggのみ).Build.0 = sse2|Win32
		{A09FBD07-606E-41CD-B055-88B68D6E8809}.uni(未使用)|ARM.ActiveCfg = uni|ARM
		{A09FBD07-606E-41CD-B055-88B68D6E8809}.uni(未使用)|ARM.Build.0 = uni|ARM
		{A09FBD07-606E-41CD-B055-88B68D6E8809}.uni(未使用)|x64(KpiHost64のみ).ActiveCfg = uni|x64
		{A09FBD07-606E-41CD-B055-88B68D6E8809}.uni(未使用)|x64(KpiHost64のみ).Build.0 = uni|x64
		{A09FBD07-606E-41CD-B055-88B68D6E8809}.uni(未使用)|x86(oggのみ).ActiveCfg = uni|Win32
		{A09FBD07-606E-41CD-B055-88B68D6E8809}.uni(未使用)|x86(oggのみ).Build.0 = uni|Win32
		{A09FBD07-606E-41CD-B055-88B68D6E8809}.uni_2026_de|ARM.ActiveCfg = uni_2026_de|ARM
		{A09FBD07-606E-41CD-B055-88B68D6E8809}.uni_2026_de|ARM.Build.0 = uni_2026_de|ARM
		{A09FBD07-606E-41CD-B055-88B68D6E8809}.uni_2026_de|x64(KpiHost64のみ).ActiveCfg = uni_2026_de|x64
		{A09FBD07-606E-41CD-B055-88B68D6E8809}.uni_2026_de|x64(KpiHost64のみ).Build.0 = uni_2026_de|x64
		{A09FBD07-606E-41CD-B055-88B68D6E8809}.uni_2026_de|x86(oggのみ).ActiveCfg = uni_2026_de|Win32
		{A09FBD07-606E-41CD-B055-88B68D6E8809}.uni_2026_de|x86(oggのみ).Build.0 = uni_2026_de|Win32
		{A09FBD07-606E-41CD-B055-88B68D6E8809}.uni_avx(未使用)|ARM.ActiveCfg = uni_avx|ARM
		{A09FBD07-606E-41CD-B055-88B68D6E8809}.uni_avx(未使用)|ARM.Build.0 = uni_avx|ARM
		{A09FBD07-606E-41CD-B055-88B68D6E8809}.uni_avx(未使用)|x64(KpiHost64のみ).ActiveCfg = uni_avx|x64
		{A09FBD07-606E-41CD-B055-88B68D6E8809}.uni_avx(未使用)|x64(KpiHost64のみ).Build.0 = uni_avx|x64
		{A09FBD07-606E-41CD-B055-88B68D6E8809}.uni_avx(未使用)|x86(oggのみ).ActiveCfg = uni_avx|Win32
		{A09FBD07-606E-41CD-B055-88B68D6E8809}.uni_avx(未使用)|x86(oggのみ).Build.0 = uni_avx|Win32
		{A09FBD07-606E-41CD-B055-88B68D6E8809}.uni_avx2(未使用)|ARM.ActiveCfg = uni_avx2|ARM
		{A09FBD07-606E-41CD-B055-88B68D6E8809}.uni_avx2(未使用)|ARM.Build.0 = uni_avx2|ARM
		{A09FBD07-606E-41CD-B055-88B68D6E8809}.uni_avx2(未使用)|x64(KpiHost64のみ).ActiveCfg = uni_avx2|x64
		{A09FBD07-606E-41CD-B055-88B68D6E8809}.uni_avx2(未使用)|x64(KpiHost64のみ).Build.0 = uni_avx2|x64
		{A09FBD07-606E-41CD-B055-88B68D6E8809}.uni_avx2(未使用)|x86(oggのみ).ActiveCfg = uni_avx2|Win32
		{A09FBD07-606E-41CD-B055-88B68D6E8809}.uni_avx2(未使用)|x86(oggのみ).Build.0 = uni_avx2|Win32
		{A09FBD07-606E-41CD-B055-88B68D6E8809}.uni_avx2_vs2026|ARM.ActiveCfg = uni_avx2_vs2026|ARM
		{A09FBD07-606E-41CD-B055-88B68D6E8809}.uni_avx2_vs2026|ARM.Build.0 = uni_avx2_vs2026|ARM
		{A09FBD07-606E-41CD-B055-88B68D6E8809}.uni_avx2_vs2026|x64(KpiHost64のみ).ActiveCfg = uni_avx2_vs2026|x64
		{A09FBD07-606E-41CD-B055-88B68D6E8809}.uni_avx2_vs2026|x64(KpiHost64のみ).Build.0 = uni_avx2_vs2026|x64
		{A09FBD07-606E-41CD-B055-88B68D6E8809}.uni_avx2_vs2026|x86(oggのみ).ActiveCfg = uni_avx2_vs2026|Win32
		{A09FBD07-606E-41CD-B055-88B68D6E8809}.uni_avx2_vs2026|x86(oggのみ).Build.0 = uni_avx2_vs2026|Win32
		{A09FBD07-606E-41CD-B055-88B68D6E8809}.uni_de(未使用)|ARM.ActiveCfg = uni_de|ARM
		{A09FBD07-606E-41CD-B055-88B68D6E8809}.uni_de(未使用)|ARM.Build.0 = uni_de|ARM
		{A09FBD07-606E-41CD-B055-88B68D6E8809}.uni_de(未使用)|x64(KpiHost64のみ).ActiveCfg = uni_de|x64
		{A09FBD07-606E-41CD-B055-88B68D6E8809}.uni_de(未使用)|x64(KpiHost64のみ).Build.0 = uni_de|x64
		{A09FBD07-606E-41CD-B055-88B68D6E8809}.uni_de(未使用)|x86(oggのみ).ActiveCfg = uni_de|Win32
		{A09FBD07-606E-41CD-B055-88B68D6E8809}.uni_de(未使用)|x86(oggのみ).Build.0 = uni_de|Win32
		{A09FBD07-606E-41CD-B055-88B68D6E8809}.uni_sse2(未使用)|ARM.ActiveCfg = uni_sse2|ARM
		{A09FBD07-606E-41CD-B055-88B68D6E8809}.uni_sse2(未使用)|ARM.Build.0 = uni_sse2|ARM
		{A09FBD07-606E-41CD-B055-88B68D6E8809}.uni_sse2(未使用)|x64(KpiHost64のみ).ActiveCfg = uni_sse2|Win32
		{A09FBD07-606E-41CD-B055-88B68D6E8809}.uni_sse2(未使用)|x64(KpiHost64のみ).Build.0 = uni_sse2|Win32
		{A09FBD07-606E-41CD-B055-88B68D6E8809}.uni_sse2(未使用)|x86(oggのみ).ActiveCfg = uni_avx2_vs2026|Win32
		{A09FBD07-606E-41CD-B055-88B68D6E8809}.uni_sse2(未使用)|x86(oggのみ).Build.0 = uni_avx2_vs2026|Win32
		{8B16900E-38CD-4B12-9B7C-6418C5AAAF27}.64(未使用)|ARM.ActiveCfg = 64|x64
		{8B16900E-38CD-4B12-9B7C-6418C5AAAF27}.64(未使用)|x64(KpiHost64のみ).ActiveCfg = 64|x64
		{8B16900E-38CD-4B12-9B7C-6418C5AAAF27}.64(未使用)|x64(KpiHost64のみ).Build.0 = 64|x64
		{8B16900E-38CD-4B12-9B7C-6418C5AAAF27}.64(未使用)|x86(oggのみ).ActiveCfg = 64|x64
		{8B16900E-38CD-4B12-9B7C-6418C5AAAF27}.Debug(未使用)|ARM.ActiveCfg = Debug|x64
		{8B16900E-38CD-4B12-9B7C-6418C5AAAF27}.Debug(未使用)|x64(KpiHost64のみ).ActiveCfg = Debug|x64
		{8B16900E-38CD-4B12-9B7C-6418C5AAAF27}.Debug(未使用)|x64(KpiHost64のみ).Build.0 = Debug|x64
		{8B16900E-38CD-4B12-9B7C-6418C5AAAF27}.Debug(未使用)|x86(oggのみ).ActiveCfg = Debug|x64
		{8B16900E-38CD-4B12-9B7C-6418C5AAAF27}.nsse(未使用)|ARM.ActiveCfg = nsse|x64
		{8B16900E-38CD-4B12-9B7C-6418C5AAAF27}.nsse(未使用)|x64(KpiHost64のみ).ActiveCfg = nsse|x64
		{8B16900E-38CD-4B12-9B7C-6418C5AAAF27}.nsse(未使用)|x64(KpiHost64のみ).Build.0 = nsse|x64
		{8B16900E-38CD-4B12-9B7C-6418C5AAAF27}.nsse(未使用)|x86(oggのみ).ActiveCfg = nsse|x64
		{8B16900E-38CD-4B12-9B7C-6418C5AAAF27}.Release(未使用)|ARM.ActiveCfg = Release|x64
		{8B16900E-38CD-4B12-9B7C-6418C5AAAF27}.Release(未使用)|x64(KpiHost64のみ).ActiveCfg = Release|x64
		{8B16900E-38CD-4B12-9B7C-6418C5AAAF27}.Release(未使用)|x64(KpiHost64のみ).Build.0 = Release|x64
		{8B16900E-38CD-4B12-9B7C-6418C5AAAF27}.Release(未使用)|x86(oggのみ).ActiveCfg = Release|x64
		{8B16900E-38CD-4B12-9B7C-6418C5AAAF27}.sse2(未使用)|ARM.ActiveCfg = sse2|x64
		{8B16900E-38CD-4B12-9B7C-6418C5AAAF27}.sse2(未使用)|x64(KpiHost64のみ).ActiveCfg = sse2|x64
		{8B16900E-38CD-4B12-9B7C-6418C5AAAF27}.sse2(未使用)|x64(KpiHost64のみ).Build.0 = sse2|x64
		{8B16900E-38CD-4B12-9B7C-6418C5AAAF27}.sse2(未使用)|x86(oggのみ).ActiveCfg = sse2|x64
		{8B16900E-38CD-4B12-9B7C-6418C5AAAF27}.uni(未使用)|ARM.ActiveCfg = uni|x64
		{8B16900E-38CD-4B12-9B7C-6418C5AAAF27}.uni(未使用)|x64(KpiHost64のみ).ActiveCfg = uni|x64
		{8B16900E-38CD-4B12-9B7C-6418C5AAAF27}.uni(未使用)|x64(KpiHost64のみ).Build.0 = uni|x64
		{8B16900E-38CD-4B12-9B7C-6418C5AAAF27}.uni(未使用)|x86(oggのみ).ActiveCfg = uni|x64
		{8B16900E-38CD-4B12-9B7C-6418C5AAAF27}.uni_2026_de|ARM.ActiveCfg = uni_2026_de|x64
		{8B16900E-38CD-4B12-9B7C-6418C5AAAF27}.uni_2026_de|x64(KpiHost64のみ).ActiveCfg = uni_2026_de|x64
		{8B16900E-38CD-4B12-9B7C-6418C5AAAF27}.uni_2026_de|x64(KpiHost64のみ).Build.0 = uni_2026_de|x64
		{8B16900E-38CD-4B12-9B7C-6418C5AAAF27}.uni_2026_de|x86(oggのみ).ActiveCfg = uni_2026_de|x64
		{8B16900E-38CD-4B12-9B7C-6418C5AAAF27}.uni_avx(未使用)|ARM.ActiveCfg = uni_avx|x64
		{8B16900E-38CD-4B12-9B7C-6418C5AAAF27}.uni_avx(未使用)|x64(KpiHost64のみ).ActiveCfg = uni_avx|x64
		{8B16900E-38CD-4B12-9B7C-6418C5AAAF27}.uni_avx(未使用)|x64(KpiHost64のみ).Build.0 = uni_avx|x64
		{8B16900E-38CD-4B12-9B7C-6418C5AAAF27}.uni_avx(未使用)|x86(oggのみ).ActiveCfg = uni_avx|x64
		{8B16900E-38CD-4B12-9B7C-6418C5AAAF27}.uni_avx2(未使用)|ARM.ActiveCfg = uni_avx2|x64
		{8B16900E-38CD-4B12-9B7C-6418C5AAAF27}.uni_avx2(未使用)|x64(KpiHost64のみ).ActiveCfg = uni_avx2|x64
		{8B16900E-38CD-4B12-9B7C-6418C5AAAF27}.uni_avx2(未使用)|x64(KpiHost64のみ).Build.0 = uni_avx2|x64
		{8B16900E-38CD-4B12-9B7C-6418C5AAAF27}.uni_avx2(未使用)|x86(oggのみ).ActiveCfg = uni_avx2|x64
		{8B16900E-38CD-4B12-9B7C-6418C5AAAF27}.uni_avx2_vs2026|ARM.ActiveCfg = uni_avx2_vs2026|x64
		{8B16900E-38CD-4B12-9B7C-6418C5AAAF27}.uni_avx2_vs2026|x64(KpiHost64のみ).ActiveCfg = uni_avx2_vs2026|x64
		{8B16900E-38CD-4B12-9B7C-6418C5AAAF27}.uni_avx2_vs2026|x64(KpiHost64のみ).Build.0 = uni_avx2_vs2026|x64
		{8B16900E-38CD-4B12-9B7C-6418C5AAAF27}.uni_avx2_vs2026|x86(oggのみ).ActiveCfg = uni_avx2_vs2026|x64
		{8B16900E-38CD-4B12-9B7C-6418C5AAAF27}.uni_de(未使用)|ARM.ActiveCfg = uni_de|x64
		{8B16900E-38CD-4B12-9B7C-6418C5AAAF27}.uni_de(未使用)|x64(KpiHost64のみ).ActiveCfg = uni_de|x64
		{8B16900E-38CD-4B12-9B7C-6418C5AAAF27}.uni_de(未使用)|x64(KpiHost64のみ).Build.0 = uni_de|x64
		{8B16900E-38CD-4B12-9B7C-6418C5AAAF27}.uni_de(未使用)|x86(oggのみ).ActiveCfg = uni_de|x64
		{8B16900E-38CD-4B12-9B7C-6418C5AAAF27}.uni_sse2(未使用)|ARM.ActiveCfg = uni_sse2|x64
		{8B16900E-38CD-4B12-9B7C-6418C5AAAF27}.uni_sse2(未使用)|x64(KpiHost64のみ).ActiveCfg = uni_sse2|x64
		{8B16900E-38CD-4B12-9B7C-6418C5AAAF27}.uni_sse2(未使用)|x64(KpiHost64のみ).Build.0 = uni_sse2|x64
		{8B16900E-38CD-4B12-9B7C-6418C5AAAF27}.uni_sse2(未使用)|x86(oggのみ).ActiveCfg = uni_avx2_vs2026|x64
	EndGlobalSection
	GlobalSection(SolutionProperties) = preSolution
		HideSolutionNode = FALSE
	EndGlobalSection
	GlobalSection(ExtensibilityGlobals) = postSolution
		SolutionGuid = {15658479-CC05-4ADC-B75E-987C08B8A0D9}
	EndGlobalSection
EndGlobal
