<?xml version="1.0" encoding="utf-8"?>
<Project ToolsVersion="4.0" xmlns="http://schemas.microsoft.com/developer/msbuild/2003">
  <ItemGroup>
    <ClCompile Include="KpiHost64.cpp" />
    <ClCompile Include="..\KpiV5ConfigStore.cpp" />
    <ClCompile Include="KpiHost64Foreign.cpp" />
    <ClCompile Include="KpiHost64Vst.cpp" />
    <ClCompile Include="KpiHost64VstLive.cpp" />
    <ClCompile Include="kpihost_savedata.cpp" />
    <ClCompile Include="VstMidiEngine_k64.cpp" />
    <ClCompile Include="Vst3Host_k64.cpp" />
  </ItemGroup>
  <ItemGroup>
    <ResourceCompile Include="KpiHost64.rc">
      <Filter>Resource Files</Filter>
    </ResourceCompile>
  </ItemGroup>
  <ItemGroup>
    <Filter Include="Resource Files">
      <UniqueIdentifier>{8B16900E-38CD-4B12-9B7C-6418C5AAAF28}</UniqueIdentifier>
    </Filter>
  </ItemGroup>
  <ItemGroup>
    <ClInclude Include="resource.h" />
  </ItemGroup>
</Project>