<?xml version="1.0" encoding="utf-8"?>
<Project ToolsVersion="4.0" xmlns="http://schemas.microsoft.com/developer/msbuild/2003">
  <ItemGroup>
    <ClCompile Include="KpiHost32.cpp" />
    <ClCompile Include="..\KpiV5ConfigStore.cpp" />
    <ClCompile Include="KpiHost32Foreign.cpp" />
    <ClCompile Include="KpiHost32Vst.cpp" />
    <ClCompile Include="KpiHost32VstLive.cpp" />
    <ClCompile Include="kpihost_savedata.cpp" />
    <ClCompile Include="VstMidiEngine_k32.cpp" />
    <ClCompile Include="Vst3Host_k32.cpp" />
    <ClCompile Include="..\kb_sasami\source\sasami_file.cpp" />
    <ClCompile Include="..\kb_sasami\source\sasami_midi.cpp" />
    <ClCompile Include="..\kb_sasami\source\sasami_misao.cpp" />
    <ClCompile Include="..\cpu_isa.cpp" />
    <ClCompile Include="..\simd_audio.cpp" />
    <ClCompile Include="..\simd_audio_avx512.cpp" />
    <ClCompile Include="..\Sf2Vst2.cpp" />
  </ItemGroup>
  <ItemGroup>
    <ResourceCompile Include="KpiHost32.rc">
      <Filter>Resource Files</Filter>
    </ResourceCompile>
  </ItemGroup>
  <ItemGroup>
    <Filter Include="Resource Files">
      <UniqueIdentifier>{8B16900E-38CD-4B12-9B7C-6418C5AAAF28}</UniqueIdentifier>
    </Filter>
  </ItemGroup>
  <ItemGroup>
    <ClInclude Include="resource.h" />
  </ItemGroup>
</Project>